
Microsoft Visual Studio Solution File, Format Version 11.00
# Visual Studio 2010
# SharpDevelop 4.3
Project("{FAE04EC0-301F-11D3-BF4B-00C04F79EFBC}") = "XMG", "XMG\XMG.csproj", "{4225BFFA-3D17-4582-84C3-7DD6456F6907}"
EndProject
Global
	GlobalSection(SolutionConfigurationPlatforms) = preSolution
		Debug|Any CPU = Debug|Any CPU
		Release|Any CPU = Release|Any CPU
	EndGlobalSection
	GlobalSection(ProjectConfigurationPlatforms) = postSolution
		{4225BFFA-3D17-4582-84C3-7DD6456F6907}.Debug|Any CPU.Build.0 = Debug|Any CPU
		{4225BFFA-3D17-4582-84C3-7DD6456F6907}.Debug|Any CPU.ActiveCfg = Debug|Any CPU
		{4225BFFA-3D17-4582-84C3-7DD6456F6907}.Release|Any CPU.Build.0 = Release|Any CPU
		{4225BFFA-3D17-4582-84C3-7DD6456F6907}.Release|Any CPU.ActiveCfg = Release|Any CPU
	EndGlobalSection
EndGlobal
